
Microsoft Visual Studio Solution File, Format Version 12.00
# Visual Studio 14
VisualStudioVersion = 14.0.23107.0
MinimumVisualStudioVersion = 10.0.40219.1
Project("{FAE04EC0-301F-11D3-BF4B-00C04F79EFBC}") = "ProyectoWebFinal2", "ProyectoWebFinal\ProyectoWebFinal2.csproj", "{F6C0F0D7-ADE5-49EC-A148-FF83DBBB8087}"
EndProject
Project("{FAE04EC0-301F-11D3-BF4B-00C04F79EFBC}") = "BLL", "BLL\BLL.csproj", "{F7FB5155-3A5B-4106-8E42-BD54967BC1A5}"
EndProject
Project("{FAE04EC0-301F-11D3-BF4B-00C04F79EFBC}") = "DAL", "DAL\DAL.csproj", "{563F97EA-6C8D-46ED-9DBD-FF0D9059790C}"
EndProject
Global
	GlobalSection(SolutionConfigurationPlatforms) = preSolution
		Debug|Any CPU = Debug|Any CPU
		Release|Any CPU = Release|Any CPU
	EndGlobalSection
	GlobalSection(ProjectConfigurationPlatforms) = postSolution
		{F6C0F0D7-ADE5-49EC-A148-FF83DBBB8087}.Debug|Any CPU.ActiveCfg = Debug|Any CPU
		{F6C0F0D7-ADE5-49EC-A148-FF83DBBB8087}.Debug|Any CPU.Build.0 = Debug|Any CPU
		{F6C0F0D7-ADE5-49EC-A148-FF83DBBB8087}.Release|Any CPU.ActiveCfg = Release|Any CPU
		{F6C0F0D7-ADE5-49EC-A148-FF83DBBB8087}.Release|Any CPU.Build.0 = Release|Any CPU
		{F7FB5155-3A5B-4106-8E42-BD54967BC1A5}.Debug|Any CPU.ActiveCfg = Debug|Any CPU
		{F7FB5155-3A5B-4106-8E42-BD54967BC1A5}.Debug|Any CPU.Build.0 = Debug|Any CPU
		{F7FB5155-3A5B-4106-8E42-BD54967BC1A5}.Release|Any CPU.ActiveCfg = Release|Any CPU
		{F7FB5155-3A5B-4106-8E42-BD54967BC1A5}.Release|Any CPU.Build.0 = Release|Any CPU
		{563F97EA-6C8D-46ED-9DBD-FF0D9059790C}.Debug|Any CPU.ActiveCfg = Debug|Any CPU
		{563F97EA-6C8D-46ED-9DBD-FF0D9059790C}.Debug|Any CPU.Build.0 = Debug|Any CPU
		{563F97EA-6C8D-46ED-9DBD-FF0D9059790C}.Release|Any CPU.ActiveCfg = Release|Any CPU
		{563F97EA-6C8D-46ED-9DBD-FF0D9059790C}.Release|Any CPU.Build.0 = Release|Any CPU
	EndGlobalSection
	GlobalSection(SolutionProperties) = preSolution
		HideSolutionNode = FALSE
	EndGlobalSection
EndGlobal
